// !$*UTF8*$!
{
	archiveVersion = 1;
	classes = {
	};
	objectVersion = 56;
	objects = {

/* Begin PBXBuildFile section */
		75751CF029225A3500538704 /* MainListView.swift in Sources */ = {isa = PBXBuildFile; fileRef = 75751CEF29225A3500538704 /* MainListView.swift */; };
		75751CF429225AB200538704 /* Memo.swift in Sources */ = {isa = PBXBuildFile; fileRef = 75751CF329225AB200538704 /* Memo.swift */; };
		75751CF629225B3C00538704 /* MemoStore.swift in Sources */ = {isa = PBXBuildFile; fileRef = 75751CF529225B3C00538704 /* MemoStore.swift */; };
		75751CF929226D3900538704 /* MemoCell.swift in Sources */ = {isa = PBXBuildFile; fileRef = 75751CF829226D3900538704 /* MemoCell.swift */; };
		75751CFB29226F8100538704 /* ComposeView.swift in Sources */ = {isa = PBXBuildFile; fileRef = 75751CFA29226F8100538704 /* ComposeView.swift */; };
		75751CFD2922778500538704 /* DetailView.swift in Sources */ = {isa = PBXBuildFile; fileRef = 75751CFC2922778500538704 /* DetailView.swift */; };
		7581333F291BB91D00E8DEF3 /* SwiftUITestApp.swift in Sources */ = {isa = PBXBuildFile; fileRef = 7581333E291BB91D00E8DEF3 /* SwiftUITestApp.swift */; };
		75813343291BB91E00E8DEF3 /* Assets.xcassets in Resources */ = {isa = PBXBuildFile; fileRef = 75813342291BB91E00E8DEF3 /* Assets.xcassets */; };
		75813346291BB91E00E8DEF3 /* Preview Assets.xcassets in Resources */ = {isa = PBXBuildFile; fileRef = 75813345291BB91E00E8DEF3 /* Preview Assets.xcassets */; };
		75813348291BB91E00E8DEF3 /* Persistence.swift in Sources */ = {isa = PBXBuildFile; fileRef = 75813347291BB91E00E8DEF3 /* Persistence.swift */; };
		7581334B291BB91E00E8DEF3 /* SwiftUITest.xcdatamodeld in Sources */ = {isa = PBXBuildFile; fileRef = 75813349291BB91E00E8DEF3 /* SwiftUITest.xcdatamodeld */; };
		75813355291BB91E00E8DEF3 /* SwiftUITestTests.swift in Sources */ = {isa = PBXBuildFile; fileRef = 75813354291BB91E00E8DEF3 /* SwiftUITestTests.swift */; };
		7581335F291BB91E00E8DEF3 /* SwiftUITestUITests.swift in Sources */ = {isa = PBXBuildFile; fileRef = 7581335E291BB91E00E8DEF3 /* SwiftUITestUITests.swift */; };
		75813361291BB91E00E8DEF3 /* SwiftUITestUITestsLaunchTests.swift in Sources */ = {isa = PBXBuildFile; fileRef = 75813360291BB91E00E8DEF3 /* SwiftUITestUITestsLaunchTests.swift */; };
/* End PBXBuildFile section */

/* Begin PBXContainerItemProxy section */
		75813351291BB91E00E8DEF3 /* PBXContainerItemProxy */ = {
			isa = PBXContainerItemProxy;
			containerPortal = 75813333291BB91D00E8DEF3 /* Project object */;
			proxyType = 1;
			remoteGlobalIDString = 7581333A291BB91D00E8DEF3;
			remoteInfo = SwiftUITest;
		};
		7581335B291BB91E00E8DEF3 /* PBXContainerItemProxy */ = {
			isa = PBXContainerItemProxy;
			containerPortal = 75813333291BB91D00E8DEF3 /* Project object */;
			proxyType = 1;
			remoteGlobalIDString = 7581333A291BB91D00E8DEF3;
			remoteInfo = SwiftUITest;
		};
/* End PBXContainerItemProxy section */

/* Begin PBXFileReference section */
		75751CEF29225A3500538704 /* MainListView.swift */ = {isa = PBXFileReference; lastKnownFileType = sourcecode.swift; path = MainListView.swift; sourceTree = "<group>"; };
		75751CF329225AB200538704 /* Memo.swift */ = {isa = PBXFileReference; lastKnownFileType = sourcecode.swift; path = Memo.swift; sourceTree = "<group>"; };
		75751CF529225B3C00538704 /* MemoStore.swift */ = {isa = PBXFileReference; lastKnownFileType = sourcecode.swift; path = MemoStore.swift; sourceTree = "<group>"; };
		75751CF829226D3900538704 /* MemoCell.swift */ = {isa = PBXFileReference; lastKnownFileType = sourcecode.swift; path = MemoCell.swift; sourceTree = "<group>"; };
		75751CFA29226F8100538704 /* ComposeView.swift */ = {isa = PBXFileReference; lastKnownFileType = sourcecode.swift; path = ComposeView.swift; sourceTree = "<group>"; };
		75751CFC2922778500538704 /* DetailView.swift */ = {isa = PBXFileReference; lastKnownFileType = sourcecode.swift; path = DetailView.swift; sourceTree = "<group>"; };
		7581333B291BB91D00E8DEF3 /* SwiftUITest.app */ = {isa = PBXFileReference; explicitFileType = wrapper.application; includeInIndex = 0; path = SwiftUITest.app; sourceTree = BUILT_PRODUCTS_DIR; };
		7581333E291BB91D00E8DEF3 /* SwiftUITestApp.swift */ = {isa = PBXFileReference; lastKnownFileType = sourcecode.swift; path = SwiftUITestApp.swift; sourceTree = "<group>"; };
		75813342291BB91E00E8DEF3 /* Assets.xcassets */ = {isa = PBXFileReference; lastKnownFileType = folder.assetcatalog; path = Assets.xcassets; sourceTree = "<group>"; };
		75813345291BB91E00E8DEF3 /* Preview Assets.xcassets */ = {isa = PBXFileReference; lastKnownFileType = folder.assetcatalog; path = "Preview Assets.xcassets"; sourceTree = "<group>"; };
		75813347291BB91E00E8DEF3 /* Persistence.swift */ = {isa = PBXFileReference; lastKnownFileType = sourcecode.swift; path = Persistence.swift; sourceTree = "<group>"; };
		7581334A291BB91E00E8DEF3 /* SwiftUITest.xcdatamodel */ = {isa = PBXFileReference; lastKnownFileType = wrapper.xcdatamodel; path = SwiftUITest.xcdatamodel; sourceTree = "<group>"; };
		75813350291BB91E00E8DEF3 /* SwiftUITestTests.xctest */ = {isa = PBXFileReference; explicitFileType = wrapper.cfbundle; includeInIndex = 0; path = SwiftUITestTests.xctest; sourceTree = BUILT_PRODUCTS_DIR; };
		75813354291BB91E00E8DEF3 /* SwiftUITestTests.swift */ = {isa = PBXFileReference; lastKnownFileType = sourcecode.swift; path = SwiftUITestTests.swift; sourceTree = "<group>"; };
		7581335A291BB91E00E8DEF3 /* SwiftUITestUITests.xctest */ = {isa = PBXFileReference; explicitFileType = wrapper.cfbundle; includeInIndex = 0; path = SwiftUITestUITests.xctest; sourceTree = BUILT_PRODUCTS_DIR; };
		7581335E291BB91E00E8DEF3 /* SwiftUITestUITests.swift */ = {isa = PBXFileReference; lastKnownFileType = sourcecode.swift; path = SwiftUITestUITests.swift; sourceTree = "<group>"; };
		75813360291BB91E00E8DEF3 /* SwiftUITestUITestsLaunchTests.swift */ = {isa = PBXFileReference; lastKnownFileType = sourcecode.swift; path = SwiftUITestUITestsLaunchTests.swift; sourceTree = "<group>"; };
/* End PBXFileReference section */

/* Begin PBXFrameworksBuildPhase section */
		75813338291BB91D00E8DEF3 /* Frameworks */ = {
			isa = PBXFrameworksBuildPhase;
			buildActionMask = 2147483647;
			files = (
			);
			runOnlyForDeploymentPostprocessing = 0;
		};
		7581334D291BB91E00E8DEF3 /* Frameworks */ = {
			isa = PBXFrameworksBuildPhase;
			buildActionMask = 2147483647;
			files = (
			);
			runOnlyForDeploymentPostprocessing = 0;
		};
		75813357291BB91E00E8DEF3 /* Frameworks */ = {
			isa = PBXFrameworksBuildPhase;
			buildActionMask = 2147483647;
			files = (
			);
			runOnlyForDeploymentPostprocessing = 0;
		};
/* End PBXFrameworksBuildPhase section */

/* Begin PBXGroup section */
		75751CF129225A5400538704 /* CoreData */ = {
			isa = PBXGroup;
			children = (
				75813347291BB91E00E8DEF3 /* Persistence.swift */,
				75813349291BB91E00E8DEF3 /* SwiftUITest.xcdatamodeld */,
			);
			path = CoreData;
			sourceTree = "<group>";
		};
		75751CF229225A5C00538704 /* Memory */ = {
			isa = PBXGroup;
			children = (
				75751CF329225AB200538704 /* Memo.swift */,
				75751CF529225B3C00538704 /* MemoStore.swift */,
			);
			path = Memory;
			sourceTree = "<group>";
		};
		75751CF729226D1300538704 /* View */ = {
			isa = PBXGroup;
			children = (
				75751CEF29225A3500538704 /* MainListView.swift */,
				75751CF829226D3900538704 /* MemoCell.swift */,
				75751CFA29226F8100538704 /* ComposeView.swift */,
				75751CFC2922778500538704 /* DetailView.swift */,
			);
			path = View;
			sourceTree = "<group>";
		};
		75813332291BB91D00E8DEF3 = {
			isa = PBXGroup;
			children = (
				7581333D291BB91D00E8DEF3 /* SwiftUITest */,
				75813353291BB91E00E8DEF3 /* SwiftUITestTests */,
				7581335D291BB91E00E8DEF3 /* SwiftUITestUITests */,
				7581333C291BB91D00E8DEF3 /* Products */,
			);
			sourceTree = "<group>";
		};
		7581333C291BB91D00E8DEF3 /* Products */ = {
			isa = PBXGroup;
			children = (
				7581333B291BB91D00E8DEF3 /* SwiftUITest.app */,
				75813350291BB91E00E8DEF3 /* SwiftUITestTests.xctest */,
				7581335A291BB91E00E8DEF3 /* SwiftUITestUITests.xctest */,
			);
			name = Products;
			sourceTree = "<group>";
		};
		7581333D291BB91D00E8DEF3 /* SwiftUITest */ = {
			isa = PBXGroup;
			children = (
				75751CF729226D1300538704 /* View */,
				75751CF229225A5C00538704 /* Memory */,
				75751CF129225A5400538704 /* CoreData */,
				7581333E291BB91D00E8DEF3 /* SwiftUITestApp.swift */,
				75813342291BB91E00E8DEF3 /* Assets.xcassets */,
				75813344291BB91E00E8DEF3 /* Preview Content */,
			);
			path = SwiftUITest;
			sourceTree = "<group>";
		};
		75813344291BB91E00E8DEF3 /* Preview Content */ = {
			isa = PBXGroup;
			children = (
				75813345291BB91E00E8DEF3 /* Preview Assets.xcassets */,
			);
			path = "Preview Content";
			sourceTree = "<group>";
		};
		75813353291BB91E00E8DEF3 /* SwiftUITestTests */ = {
			isa = PBXGroup;
			children = (
				75813354291BB91E00E8DEF3 /* SwiftUITestTests.swift */,
			);
			path = SwiftUITestTests;
			sourceTree = "<group>";
		};
		7581335D291BB91E00E8DEF3 /* SwiftUITestUITests */ = {
			isa = PBXGroup;
			children = (
				7581335E291BB91E00E8DEF3 /* SwiftUITestUITests.swift */,
				75813360291BB91E00E8DEF3 /* SwiftUITestUITestsLaunchTests.swift */,
			);
			path = SwiftUITestUITests;
			sourceTree = "<group>";
		};
/* End PBXGroup section */

/* Begin PBXNativeTarget section */
		7581333A291BB91D00E8DEF3 /* SwiftUITest */ = {
			isa = PBXNativeTarget;
			buildConfigurationList = 75813364291BB91E00E8DEF3 /* Build configuration list for PBXNativeTarget "SwiftUITest" */;
			buildPhases = (
				75813337291BB91D00E8DEF3 /* Sources */,
				75813338291BB91D00E8DEF3 /* Frameworks */,
				75813339291BB91D00E8DEF3 /* Resources */,
			);
			buildRules = (
			);
			dependencies = (
			);
			name = SwiftUITest;
			productName = SwiftUITest;
			productReference = 7581333B291BB91D00E8DEF3 /* SwiftUITest.app */;
			productType = "com.apple.product-type.application";
		};
		7581334F291BB91E00E8DEF3 /* SwiftUITestTests */ = {
			isa = PBXNativeTarget;
			buildConfigurationList = 75813367291BB91E00E8DEF3 /* Build configuration list for PBXNativeTarget "SwiftUITestTests" */;
			buildPhases = (
				7581334C291BB91E00E8DEF3 /* Sources */,
				7581334D291BB91E00E8DEF3 /* Frameworks */,
				7581334E291BB91E00E8DEF3 /* Resources */,
			);
			buildRules = (
			);
			dependencies = (
				75813352291BB91E00E8DEF3 /* PBXTargetDependency */,
			);
			name = SwiftUITestTests;
			productName = SwiftUITestTests;
			productReference = 75813350291BB91E00E8DEF3 /* SwiftUITestTests.xctest */;
			productType = "com.apple.product-type.bundle.unit-test";
		};
		75813359291BB91E00E8DEF3 /* SwiftUITestUITests */ = {
			isa = PBXNativeTarget;
			buildConfigurationList = 7581336A291BB91E00E8DEF3 /* Build configuration list for PBXNativeTarget "SwiftUITestUITests" */;
			buildPhases = (
				75813356291BB91E00E8DEF3 /* Sources */,
				75813357291BB91E00E8DEF3 /* Frameworks */,
				75813358291BB91E00E8DEF3 /* Resources */,
			);
			buildRules = (
			);
			dependencies = (
				7581335C291BB91E00E8DEF3 /* PBXTargetDependency */,
			);
			name = SwiftUITestUITests;
			productName = SwiftUITestUITests;
			productReference = 7581335A291BB91E00E8DEF3 /* SwiftUITestUITests.xctest */;
			productType = "com.apple.product-type.bundle.ui-testing";
		};
/* End PBXNativeTarget section */

/* Begin PBXProject section */
		75813333291BB91D00E8DEF3 /* Project object */ = {
			isa = PBXProject;
			attributes = {
				BuildIndependentTargetsInParallel = 1;
				LastSwiftUpdateCheck = 1410;
				LastUpgradeCheck = 1410;
				TargetAttributes = {
					7581333A291BB91D00E8DEF3 = {
						CreatedOnToolsVersion = 14.1;
					};
					7581334F291BB91E00E8DEF3 = {
						CreatedOnToolsVersion = 14.1;
						TestTargetID = 7581333A291BB91D00E8DEF3;
					};
					75813359291BB91E00E8DEF3 = {
						CreatedOnToolsVersion = 14.1;
						TestTargetID = 7581333A291BB91D00E8DEF3;
					};
				};
			};
			buildConfigurationList = 75813336291BB91D00E8DEF3 /* Build configuration list for PBXProject "SwiftUITest" */;
			compatibilityVersion = "Xcode 14.0";
			developmentRegion = en;
			hasScannedForEncodings = 0;
			knownRegions = (
				en,
				Base,
			);
			mainGroup = 75813332291BB91D00E8DEF3;
			productRefGroup = 7581333C291BB91D00E8DEF3 /* Products */;
			projectDirPath = "";
			projectRoot = "";
			targets = (
				7581333A291BB91D00E8DEF3 /* SwiftUITest */,
				7581334F291BB91E00E8DEF3 /* SwiftUITestTests */,
				75813359291BB91E00E8DEF3 /* SwiftUITestUITests */,
			);
		};
/* End PBXProject section */

/* Begin PBXResourcesBuildPhase section */
		75813339291BB91D00E8DEF3 /* Resources */ = {
			isa = PBXResourcesBuildPhase;
			buildActionMask = 2147483647;
			files = (
				75813346291BB91E00E8DEF3 /* Preview Assets.xcassets in Resources */,
				75813343291BB91E00E8DEF3 /* Assets.xcassets in Resources */,
			);
			runOnlyForDeploymentPostprocessing = 0;
		};
		7581334E291BB91E00E8DEF3 /* Resources */ = {
			isa = PBXResourcesBuildPhase;
			buildActionMask = 2147483647;
			files = (
			);
			runOnlyForDeploymentPostprocessing = 0;
		};
		75813358291BB91E00E8DEF3 /* Resources */ = {
			isa = PBXResourcesBuildPhase;
			buildActionMask = 2147483647;
			files = (
			);
			runOnlyForDeploymentPostprocessing = 0;
		};
/* End PBXResourcesBuildPhase section */

/* Begin PBXSourcesBuildPhase section */
		75813337291BB91D00E8DEF3 /* Sources */ = {
			isa = PBXSourcesBuildPhase;
			buildActionMask = 2147483647;
			files = (
				75751CF929226D3900538704 /* MemoCell.swift in Sources */,
				75751CFD2922778500538704 /* DetailView.swift in Sources */,
				75813348291BB91E00E8DEF3 /* Persistence.swift in Sources */,
				75751CF629225B3C00538704 /* MemoStore.swift in Sources */,
				75751CF029225A3500538704 /* MainListView.swift in Sources */,
				7581333F291BB91D00E8DEF3 /* SwiftUITestApp.swift in Sources */,
				75751CFB29226F8100538704 /* ComposeView.swift in Sources */,
				7581334B291BB91E00E8DEF3 /* SwiftUITest.xcdatamodeld in Sources */,
				75751CF429225AB200538704 /* Memo.swift in Sources */,
			);
			runOnlyForDeploymentPostprocessing = 0;
		};
		7581334C291BB91E00E8DEF3 /* Sources */ = {
			isa = PBXSourcesBuildPhase;
			buildActionMask = 2147483647;
			files = (
				75813355291BB91E00E8DEF3 /* SwiftUITestTests.swift in Sources */,
			);
			runOnlyForDeploymentPostprocessing = 0;
		};
		75813356291BB91E00E8DEF3 /* Sources */ = {
			isa = PBXSourcesBuildPhase;
			buildActionMask = 2147483647;
			files = (
				75813361291BB91E00E8DEF3 /* SwiftUITestUITestsLaunchTests.swift in Sources */,
				7581335F291BB91E00E8DEF3 /* SwiftUITestUITests.swift in Sources */,
			);
			runOnlyForDeploymentPostprocessing = 0;
		};
/* End PBXSourcesBuildPhase section */

/* Begin PBXTargetDependency section */
		75813352291BB91E00E8DEF3 /* PBXTargetDependency */ = {
			isa = PBXTargetDependency;
			target = 7581333A291BB91D00E8DEF3 /* SwiftUITest */;
			targetProxy = 75813351291BB91E00E8DEF3 /* PBXContainerItemProxy */;
		};
		7581335C291BB91E00E8DEF3 /* PBXTargetDependency */ = {
			isa = PBXTargetDependency;
			target = 7581333A291BB91D00E8DEF3 /* SwiftUITest */;
			targetProxy = 7581335B291BB91E00E8DEF3 /* PBXContainerItemProxy */;
		};
/* End PBXTargetDependency section */

/* Begin XCBuildConfiguration section */
		75813362291BB91E00E8DEF3 /* Debug */ = {
			isa = XCBuildConfiguration;
			buildSettings = {
				ALWAYS_SEARCH_USER_PATHS = NO;
				CLANG_ANALYZER_NONNULL = YES;
				CLANG_ANALYZER_NUMBER_OBJECT_CONVERSION = YES_AGGRESSIVE;
				CLANG_CXX_LANGUAGE_STANDARD = "gnu++20";
				CLANG_ENABLE_MODULES = YES;
				CLANG_ENABLE_OBJC_ARC = YES;
				CLANG_ENABLE_OBJC_WEAK = YES;
				CLANG_WARN_BLOCK_CAPTURE_AUTORELEASING = YES;
				CLANG_WARN_BOOL_CONVERSION = YES;
				CLANG_WARN_COMMA = YES;
				CLANG_WARN_CONSTANT_CONVERSION = YES;
				CLANG_WARN_DEPRECATED_OBJC_IMPLEMENTATIONS = YES;
				CLANG_WARN_DIRECT_OBJC_ISA_USAGE = YES_ERROR;
				CLANG_WARN_DOCUMENTATION_COMMENTS = YES;
				CLANG_WARN_EMPTY_BODY = YES;
				CLANG_WARN_ENUM_CONVERSION = YES;
				CLANG_WARN_INFINITE_RECURSION = YES;
				CLANG_WARN_INT_CONVERSION = YES;
				CLANG_WARN_NON_LITERAL_NULL_CONVERSION = YES;
				CLANG_WARN_OBJC_IMPLICIT_RETAIN_SELF = YES;
				CLANG_WARN_OBJC_LITERAL_CONVERSION = YES;
				CLANG_WARN_OBJC_ROOT_CLASS = YES_ERROR;
				CLANG_WARN_QUOTED_INCLUDE_IN_FRAMEWORK_HEADER = YES;
				CLANG_WARN_RANGE_LOOP_ANALYSIS = YES;
				CLANG_WARN_STRICT_PROTOTYPES = YES;
				CLANG_WARN_SUSPICIOUS_MOVE = YES;
				CLANG_WARN_UNGUARDED_AVAILABILITY = YES_AGGRESSIVE;
				CLANG_WARN_UNREACHABLE_CODE = YES;
				CLANG_WARN__DUPLICATE_METHOD_MATCH = YES;
				COPY_PHASE_STRIP = NO;
				DEBUG_INFORMATION_FORMAT = dwarf;
				ENABLE_STRICT_OBJC_MSGSEND = YES;
				ENABLE_TESTABILITY = YES;
				GCC_C_LANGUAGE_STANDARD = gnu11;
				GCC_DYNAMIC_NO_PIC = NO;
				GCC_NO_COMMON_BLOCKS = YES;
				GCC_OPTIMIZATION_LEVEL = 0;
				GCC_PREPROCESSOR_DEFINITIONS = (
					"DEBUG=1",
					"$(inherited)",
				);
				GCC_WARN_64_TO_32_BIT_CONVERSION = YES;
				GCC_WARN_ABOUT_RETURN_TYPE = YES_ERROR;
				GCC_WARN_UNDECLARED_SELECTOR = YES;
				GCC_WARN_UNINITIALIZED_AUTOS = YES_AGGRESSIVE;
				GCC_WARN_UNUSED_FUNCTION = YES;
				GCC_WARN_UNUSED_VARIABLE = YES;
				IPHONEOS_DEPLOYMENT_TARGET = 16.1;
				MTL_ENABLE_DEBUG_INFO = INCLUDE_SOURCE;
				MTL_FAST_MATH = YES;
				ONLY_ACTIVE_ARCH = YES;
				SDKROOT = iphoneos;
				SWIFT_ACTIVE_COMPILATION_CONDITIONS = DEBUG;
				SWIFT_OPTIMIZATION_LEVEL = "-Onone";
			};
			name = Debug;
		};
		75813363291BB91E00E8DEF3 /* Release */ = {
			isa = XCBuildConfiguration;
			buildSettings = {
				ALWAYS_SEARCH_USER_PATHS = NO;
				CLANG_ANALYZER_NONNULL = YES;
				CLANG_ANALYZER_NUMBER_OBJECT_CONVERSION = YES_AGGRESSIVE;
				CLANG_CXX_LANGUAGE_STANDARD = "gnu++20";
				CLANG_ENABLE_MODULES = YES;
				CLANG_ENABLE_OBJC_ARC = YES;
				CLANG_ENABLE_OBJC_WEAK = YES;
				CLANG_WARN_BLOCK_CAPTURE_AUTORELEASING = YES;
				CLANG_WARN_BOOL_CONVERSION = YES;
				CLANG_WARN_COMMA = YES;
				CLANG_WARN_CONSTANT_CONVERSION = YES;
				CLANG_WARN_DEPRECATED_OBJC_IMPLEMENTATIONS = YES;
				CLANG_WARN_DIRECT_OBJC_ISA_USAGE = YES_ERROR;
				CLANG_WARN_DOCUMENTATION_COMMENTS = YES;
				CLANG_WARN_EMPTY_BODY = YES;
				CLANG_WARN_ENUM_CONVERSION = YES;
				CLANG_WARN_INFINITE_RECURSION = YES;
				CLANG_WARN_INT_CONVERSION = YES;
				CLANG_WARN_NON_LITERAL_NULL_CONVERSION = YES;
				CLANG_WARN_OBJC_IMPLICIT_RETAIN_SELF = YES;
				CLANG_WARN_OBJC_LITERAL_CONVERSION = YES;
				CLANG_WARN_OBJC_ROOT_CLASS = YES_ERROR;
				CLANG_WARN_QUOTED_INCLUDE_IN_FRAMEWORK_HEADER = YES;
				CLANG_WARN_RANGE_LOOP_ANALYSIS = YES;
				CLANG_WARN_STRICT_PROTOTYPES = YES;
				CLANG_WARN_SUSPICIOUS_MOVE = YES;
				CLANG_WARN_UNGUARDED_AVAILABILITY = YES_AGGRESSIVE;
				CLANG_WARN_UNREACHABLE_CODE = YES;
				CLANG_WARN__DUPLICATE_METHOD_MATCH = YES;
				COPY_PHASE_STRIP = NO;
				DEBUG_INFORMATION_FORMAT = "dwarf-with-dsym";
				ENABLE_NS_ASSERTIONS = NO;
				ENABLE_STRICT_OBJC_MSGSEND = YES;
				GCC_C_LANGUAGE_STANDARD = gnu11;
				GCC_NO_COMMON_BLOCKS = YES;
				GCC_WARN_64_TO_32_BIT_CONVERSION = YES;
				GCC_WARN_ABOUT_RETURN_TYPE = YES_ERROR;
				GCC_WARN_UNDECLARED_SELECTOR = YES;
				GCC_WARN_UNINITIALIZED_AUTOS = YES_AGGRESSIVE;
				GCC_WARN_UNUSED_FUNCTION = YES;
				GCC_WARN_UNUSED_VARIABLE = YES;
				IPHONEOS_DEPLOYMENT_TARGET = 16.1;
				MTL_ENABLE_DEBUG_INFO = NO;
				MTL_FAST_MATH = YES;
				SDKROOT = iphoneos;
				SWIFT_COMPILATION_MODE = wholemodule;
				SWIFT_OPTIMIZATION_LEVEL = "-O";
				VALIDATE_PRODUCT = YES;
			};
			name = Release;
		};
		75813365291BB91E00E8DEF3 /* Debug */ = {
			isa = XCBuildConfiguration;
			buildSettings = {
				ASSETCATALOG_COMPILER_APPICON_NAME = AppIcon;
				ASSETCATALOG_COMPILER_GLOBAL_ACCENT_COLOR_NAME = AccentColor;
				CODE_SIGN_STYLE = Automatic;
				CURRENT_PROJECT_VERSION = 22110801;
				DEVELOPMENT_ASSET_PATHS = "\"SwiftUITest/Preview Content\"";
				DEVELOPMENT_TEAM = 83R5US8PK8;
				ENABLE_PREVIEWS = YES;
				GENERATE_INFOPLIST_FILE = YES;
				INFOPLIST_KEY_UIApplicationSceneManifest_Generation = YES;
				INFOPLIST_KEY_UIApplicationSupportsIndirectInputEvents = YES;
				INFOPLIST_KEY_UILaunchScreen_Generation = YES;
				INFOPLIST_KEY_UISupportedInterfaceOrientations_iPad = "UIInterfaceOrientationPortrait UIInterfaceOrientationPortraitUpsideDown UIInterfaceOrientationLandscapeLeft UIInterfaceOrientationLandscapeRight";
				INFOPLIST_KEY_UISupportedInterfaceOrientations_iPhone = "UIInterfaceOrientationPortrait UIInterfaceOrientationLandscapeLeft UIInterfaceOrientationLandscapeRight";
				IPHONEOS_DEPLOYMENT_TARGET = 15.0;
				LD_RUNPATH_SEARCH_PATHS = (
					"$(inherited)",
					"@executable_path/Frameworks",
				);
				MARKETING_VERSION = 1.0.1;
				PRODUCT_BUNDLE_IDENTIFIER = kr.joonhwan.SwiftUITest;
				PRODUCT_NAME = "$(TARGET_NAME)";
				SWIFT_EMIT_LOC_STRINGS = YES;
				SWIFT_VERSION = 5.0;
				TARGETED_DEVICE_FAMILY = "1,2";
			};
			name = Debug;
		};
		75813366291BB91E00E8DEF3 /* Release */ = {
			isa = XCBuildConfiguration;
			buildSettings = {
				ASSETCATALOG_COMPILER_APPICON_NAME = AppIcon;
				ASSETCATALOG_COMPILER_GLOBAL_ACCENT_COLOR_NAME = AccentColor;
				CODE_SIGN_STYLE = Automatic;
				CURRENT_PROJECT_VERSION = 22110801;
				DEVELOPMENT_ASSET_PATHS = "\"SwiftUITest/Preview Content\"";
				DEVELOPMENT_TEAM = 83R5US8PK8;
				ENABLE_PREVIEWS = YES;
				GENERATE_INFOPLIST_FILE = YES;
				INFOPLIST_KEY_UIApplicationSceneManifest_Generation = YES;
				INFOPLIST_KEY_UIApplicationSupportsIndirectInputEvents = YES;
				INFOPLIST_KEY_UILaunchScreen_Generation = YES;
				INFOPLIST_KEY_UISupportedInterfaceOrientations_iPad = "UIInterfaceOrientationPortrait UIInterfaceOrientationPortraitUpsideDown UIInterfaceOrientationLandscapeLeft UIInterfaceOrientationLandscapeRight";
				INFOPLIST_KEY_UISupportedInterfaceOrientations_iPhone = "UIInterfaceOrientationPortrait UIInterfaceOrientationLandscapeLeft UIInterfaceOrientationLandscapeRight";
				IPHONEOS_DEPLOYMENT_TARGET = 15.0;
				LD_RUNPATH_SEARCH_PATHS = (
					"$(inherited)",
					"@executable_path/Frameworks",
				);
				MARKETING_VERSION = 1.0.1;
				PRODUCT_BUNDLE_IDENTIFIER = kr.joonhwan.SwiftUITest;
				PRODUCT_NAME = "$(TARGET_NAME)";
				SWIFT_EMIT_LOC_STRINGS = YES;
				SWIFT_VERSION = 5.0;
				TARGETED_DEVICE_FAMILY = "1,2";
			};
			name = Release;
		};
		75813368291BB91E00E8DEF3 /* Debug */ = {
			isa = XCBuildConfiguration;
			buildSettings = {
				ALWAYS_EMBED_SWIFT_STANDARD_LIBRARIES = YES;
				BUNDLE_LOADER = "$(TEST_HOST)";
				CODE_SIGN_STYLE = Automatic;
				CURRENT_PROJECT_VERSION = 1;
				DEVELOPMENT_TEAM = 83R5US8PK8;
				GENERATE_INFOPLIST_FILE = YES;
				IPHONEOS_DEPLOYMENT_TARGET = 16.1;
				MARKETING_VERSION = 1.0;
				PRODUCT_BUNDLE_IDENTIFIER = kr.joonhwan.SwiftUITestTests;
				PRODUCT_NAME = "$(TARGET_NAME)";
				SWIFT_EMIT_LOC_STRINGS = NO;
				SWIFT_VERSION = 5.0;
				TARGETED_DEVICE_FAMILY = "1,2";
				TEST_HOST = "$(BUILT_PRODUCTS_DIR)/SwiftUITest.app/$(BUNDLE_EXECUTABLE_FOLDER_PATH)/SwiftUITest";
			};
			name = Debug;
		};
		75813369291BB91E00E8DEF3 /* Release */ = {
			isa = XCBuildConfiguration;
			buildSettings = {
				ALWAYS_EMBED_SWIFT_STANDARD_LIBRARIES = YES;
				BUNDLE_LOADER = "$(TEST_HOST)";
				CODE_SIGN_STYLE = Automatic;
				CURRENT_PROJECT_VERSION = 1;
				DEVELOPMENT_TEAM = 83R5US8PK8;
				GENERATE_INFOPLIST_FILE = YES;
				IPHONEOS_DEPLOYMENT_TARGET = 16.1;
				MARKETING_VERSION = 1.0;
				PRODUCT_BUNDLE_IDENTIFIER = kr.joonhwan.SwiftUITestTests;
				PRODUCT_NAME = "$(TARGET_NAME)";
				SWIFT_EMIT_LOC_STRINGS = NO;
				SWIFT_VERSION = 5.0;
				TARGETED_DEVICE_FAMILY = "1,2";
				TEST_HOST = "$(BUILT_PRODUCTS_DIR)/SwiftUITest.app/$(BUNDLE_EXECUTABLE_FOLDER_PATH)/SwiftUITest";
			};
			name = Release;
		};
		7581336B291BB91E00E8DEF3 /* Debug */ = {
			isa = XCBuildConfiguration;
			buildSettings = {
				ALWAYS_EMBED_SWIFT_STANDARD_LIBRARIES = YES;
				CODE_SIGN_STYLE = Automatic;
				CURRENT_PROJECT_VERSION = 1;
				DEVELOPMENT_TEAM = 83R5US8PK8;
				GENERATE_INFOPLIST_FILE = YES;
				MARKETING_VERSION = 1.0;
				PRODUCT_BUNDLE_IDENTIFIER = kr.joonhwan.SwiftUITestUITests;
				PRODUCT_NAME = "$(TARGET_NAME)";
				SWIFT_EMIT_LOC_STRINGS = NO;
				SWIFT_VERSION = 5.0;
				TARGETED_DEVICE_FAMILY = "1,2";
				TEST_TARGET_NAME = SwiftUITest;
			};
			name = Debug;
		};
		7581336C291BB91E00E8DEF3 /* Release */ = {
			isa = XCBuildConfiguration;
			buildSettings = {
				ALWAYS_EMBED_SWIFT_STANDARD_LIBRARIES = YES;
				CODE_SIGN_STYLE = Automatic;
				CURRENT_PROJECT_VERSION = 1;
				DEVELOPMENT_TEAM = 83R5US8PK8;
				GENERATE_INFOPLIST_FILE = YES;
				MARKETING_VERSION = 1.0;
				PRODUCT_BUNDLE_IDENTIFIER = kr.joonhwan.SwiftUITestUITests;
				PRODUCT_NAME = "$(TARGET_NAME)";
				SWIFT_EMIT_LOC_STRINGS = NO;
				SWIFT_VERSION = 5.0;
				TARGETED_DEVICE_FAMILY = "1,2";
				TEST_TARGET_NAME = SwiftUITest;
			};
			name = Release;
		};
/* End XCBuildConfiguration section */

/* Begin XCConfigurationList section */
		75813336291BB91D00E8DEF3 /* Build configuration list for PBXProject "SwiftUITest" */ = {
			isa = XCConfigurationList;
			buildConfigurations = (
				75813362291BB91E00E8DEF3 /* Debug */,
				75813363291BB91E00E8DEF3 /* Release */,
			);
			defaultConfigurationIsVisible = 0;
			defaultConfigurationName = Release;
		};
		75813364291BB91E00E8DEF3 /* Build configuration list for PBXNativeTarget "SwiftUITest" */ = {
			isa = XCConfigurationList;
			buildConfigurations = (
				75813365291BB91E00E8DEF3 /* Debug */,
				75813366291BB91E00E8DEF3 /* Release */,
			);
			defaultConfigurationIsVisible = 0;
			defaultConfigurationName = Release;
		};
		75813367291BB91E00E8DEF3 /* Build configuration list for PBXNativeTarget "SwiftUITestTests" */ = {
			isa = XCConfigurationList;
			buildConfigurations = (
				75813368291BB91E00E8DEF3 /* Debug */,
				75813369291BB91E00E8DEF3 /* Release */,
			);
			defaultConfigurationIsVisible = 0;
			defaultConfigurationName = Release;
		};
		7581336A291BB91E00E8DEF3 /* Build configuration list for PBXNativeTarget "SwiftUITestUITests" */ = {
			isa = XCConfigurationList;
			buildConfigurations = (
				7581336B291BB91E00E8DEF3 /* Debug */,
				7581336C291BB91E00E8DEF3 /* Release */,
			);
			defaultConfigurationIsVisible = 0;
			defaultConfigurationName = Release;
		};
/* End XCConfigurationList section */

/* Begin XCVersionGroup section */
		75813349291BB91E00E8DEF3 /* SwiftUITest.xcdatamodeld */ = {
			isa = XCVersionGroup;
			children = (
				7581334A291BB91E00E8DEF3 /* SwiftUITest.xcdatamodel */,
			);
			currentVersion = 7581334A291BB91E00E8DEF3 /* SwiftUITest.xcdatamodel */;
			path = SwiftUITest.xcdatamodeld;
			sourceTree = "<group>";
			versionGroupType = wrapper.xcdatamodel;
		};
/* End XCVersionGroup section */
	};
	rootObject = 75813333291BB91D00E8DEF3 /* Project object */;
}
